
Microsoft Visual Studio Solution File, Format Version 12.00
# Visual Studio Version 16
VisualStudioVersion = 16.0.29503.13
MinimumVisualStudioVersion = 10.0.40219.1
Project("{FAE04EC0-301F-11D3-BF4B-00C04F79EFBC}") = "3 DisposingINotify.Gui", "DisposingINotify\3 DisposingINotify.Gui.csproj", "{AC438327-3AF9-43D3-B0E9-4AA1F676278E}"
EndProject
Project("{FAE04EC0-301F-11D3-BF4B-00C04F79EFBC}") = "6 Common", "Common\6 Common.csproj", "{CE30DE5A-3A4F-4230-BEE1-1A57D3CE3F55}"
EndProject
Project("{FAE04EC0-301F-11D3-BF4B-00C04F79EFBC}") = "DisposingINotify.Tests", "DisposingINotify.Tests\DisposingINotify.Tests.csproj", "{3C1A8E5E-15F1-4F2D-A7C8-BE6B51FB5BDF}"
EndProject
Project("{FAE04EC0-301F-11D3-BF4B-00C04F79EFBC}") = "UnitTestExtensions", "UnitTestExtensions\UnitTestExtensions.csproj", "{DF4B6F6C-4BAF-4E53-9251-8B5D8F85A2F6}"
EndProject
Global
	GlobalSection(SolutionConfigurationPlatforms) = preSolution
		Debug|Any CPU = Debug|Any CPU
		Release|Any CPU = Release|Any CPU
	EndGlobalSection
	GlobalSection(ProjectConfigurationPlatforms) = postSolution
		{AC438327-3AF9-43D3-B0E9-4AA1F676278E}.Debug|Any CPU.ActiveCfg = Debug|Any CPU
		{AC438327-3AF9-43D3-B0E9-4AA1F676278E}.Debug|Any CPU.Build.0 = Debug|Any CPU
		{AC438327-3AF9-43D3-B0E9-4AA1F676278E}.Release|Any CPU.ActiveCfg = Release|Any CPU
		{AC438327-3AF9-43D3-B0E9-4AA1F676278E}.Release|Any CPU.Build.0 = Release|Any CPU
		{CE30DE5A-3A4F-4230-BEE1-1A57D3CE3F55}.Debug|Any CPU.ActiveCfg = Debug|Any CPU
		{CE30DE5A-3A4F-4230-BEE1-1A57D3CE3F55}.Debug|Any CPU.Build.0 = Debug|Any CPU
		{CE30DE5A-3A4F-4230-BEE1-1A57D3CE3F55}.Release|Any CPU.ActiveCfg = Release|Any CPU
		{CE30DE5A-3A4F-4230-BEE1-1A57D3CE3F55}.Release|Any CPU.Build.0 = Release|Any CPU
		{3C1A8E5E-15F1-4F2D-A7C8-BE6B51FB5BDF}.Debug|Any CPU.ActiveCfg = Debug|Any CPU
		{3C1A8E5E-15F1-4F2D-A7C8-BE6B51FB5BDF}.Debug|Any CPU.Build.0 = Debug|Any CPU
		{3C1A8E5E-15F1-4F2D-A7C8-BE6B51FB5BDF}.Release|Any CPU.ActiveCfg = Release|Any CPU
		{3C1A8E5E-15F1-4F2D-A7C8-BE6B51FB5BDF}.Release|Any CPU.Build.0 = Release|Any CPU
		{DF4B6F6C-4BAF-4E53-9251-8B5D8F85A2F6}.Debug|Any CPU.ActiveCfg = Debug|Any CPU
		{DF4B6F6C-4BAF-4E53-9251-8B5D8F85A2F6}.Debug|Any CPU.Build.0 = Debug|Any CPU
		{DF4B6F6C-4BAF-4E53-9251-8B5D8F85A2F6}.Release|Any CPU.ActiveCfg = Release|Any CPU
		{DF4B6F6C-4BAF-4E53-9251-8B5D8F85A2F6}.Release|Any CPU.Build.0 = Release|Any CPU
	EndGlobalSection
	GlobalSection(SolutionProperties) = preSolution
		HideSolutionNode = FALSE
	EndGlobalSection
	GlobalSection(ExtensibilityGlobals) = postSolution
		SolutionGuid = {36F49556-7BFB-4BC4-899F-60C707B7A833}
	EndGlobalSection
EndGlobal
